
Microsoft Visual Studio Solution File, Format Version 12.00
# Visual Studio 15
VisualStudioVersion = 15.0.28307.168
MinimumVisualStudioVersion = 10.0.40219.1
Project("{9A19103F-16F7-4668-BE54-9A1E7A4F7556}") = "01.Sort-Times", "01.Sort-Times\01.Sort-Times.csproj", "{855C9D46-CA11-4711-9B90-BA39969A903E}"
EndProject
Project("{9A19103F-16F7-4668-BE54-9A1E7A4F7556}") = "02.Odd-Filter", "02.Odd-Filter\02.Odd-Filter.csproj", "{A77FA4D3-CE1E-427A-8975-E2B4A17BDDE9}"
EndProject
Project("{9A19103F-16F7-4668-BE54-9A1E7A4F7556}") = "03.Immune-System", "03.Immune-System\03.Immune-System.csproj", "{35884911-AEEE-48FE-B011-56F5D19EF2E7}"
EndProject
Project("{9A19103F-16F7-4668-BE54-9A1E7A4F7556}") = "04.Supermarket-Database", "04.Supermarket-Database\04.Supermarket-Database.csproj", "{C74E83D8-A8C4-4C4A-86FD-47B288A8981B}"
EndProject
Project("{9A19103F-16F7-4668-BE54-9A1E7A4F7556}") = "05.Parking-Validation", "05.Parking-Validation\05.Parking-Validation.csproj", "{7C30FFB8-AE48-4D84-B68C-10DA065ACFDA}"
EndProject
Project("{9A19103F-16F7-4668-BE54-9A1E7A4F7556}") = "06.Byte-Flip", "06.Byte-Flip\06.Byte-Flip.csproj", "{55992ECA-AF13-4634-B8D6-1214D85E527D}"
EndProject
Project("{FAE04EC0-301F-11D3-BF4B-00C04F79EFBC}") = "07.Take-Skip-Rope", "07.Take-Skip-Rope\07.Take-Skip-Rope.csproj", "{FD5A3784-9C94-4E8D-A745-CFBE69EE43F5}"
EndProject
Global
	GlobalSection(SolutionConfigurationPlatforms) = preSolution
		Debug|Any CPU = Debug|Any CPU
		Release|Any CPU = Release|Any CPU
	EndGlobalSection
	GlobalSection(ProjectConfigurationPlatforms) = postSolution
		{855C9D46-CA11-4711-9B90-BA39969A903E}.Debug|Any CPU.ActiveCfg = Debug|Any CPU
		{855C9D46-CA11-4711-9B90-BA39969A903E}.Debug|Any CPU.Build.0 = Debug|Any CPU
		{855C9D46-CA11-4711-9B90-BA39969A903E}.Release|Any CPU.ActiveCfg = Release|Any CPU
		{855C9D46-CA11-4711-9B90-BA39969A903E}.Release|Any CPU.Build.0 = Release|Any CPU
		{A77FA4D3-CE1E-427A-8975-E2B4A17BDDE9}.Debug|Any CPU.ActiveCfg = Debug|Any CPU
		{A77FA4D3-CE1E-427A-8975-E2B4A17BDDE9}.Debug|Any CPU.Build.0 = Debug|Any CPU
		{A77FA4D3-CE1E-427A-8975-E2B4A17BDDE9}.Release|Any CPU.ActiveCfg = Release|Any CPU
		{A77FA4D3-CE1E-427A-8975-E2B4A17BDDE9}.Release|Any CPU.Build.0 = Release|Any CPU
		{35884911-AEEE-48FE-B011-56F5D19EF2E7}.Debug|Any CPU.ActiveCfg = Debug|Any CPU
		{35884911-AEEE-48FE-B011-56F5D19EF2E7}.Debug|Any CPU.Build.0 = Debug|Any CPU
		{35884911-AEEE-48FE-B011-56F5D19EF2E7}.Release|Any CPU.ActiveCfg = Release|Any CPU
		{35884911-AEEE-48FE-B011-56F5D19EF2E7}.Release|Any CPU.Build.0 = Release|Any CPU
		{C74E83D8-A8C4-4C4A-86FD-47B288A8981B}.Debug|Any CPU.ActiveCfg = Debug|Any CPU
		{C74E83D8-A8C4-4C4A-86FD-47B288A8981B}.Debug|Any CPU.Build.0 = Debug|Any CPU
		{C74E83D8-A8C4-4C4A-86FD-47B288A8981B}.Release|Any CPU.ActiveCfg = Release|Any CPU
		{C74E83D8-A8C4-4C4A-86FD-47B288A8981B}.Release|Any CPU.Build.0 = Release|Any CPU
		{7C30FFB8-AE48-4D84-B68C-10DA065ACFDA}.Debug|Any CPU.ActiveCfg = Debug|Any CPU
		{7C30FFB8-AE48-4D84-B68C-10DA065ACFDA}.Debug|Any CPU.Build.0 = Debug|Any CPU
		{7C30FFB8-AE48-4D84-B68C-10DA065ACFDA}.Release|Any CPU.ActiveCfg = Release|Any CPU
		{7C30FFB8-AE48-4D84-B68C-10DA065ACFDA}.Release|Any CPU.Build.0 = Release|Any CPU
		{55992ECA-AF13-4634-B8D6-1214D85E527D}.Debug|Any CPU.ActiveCfg = Debug|Any CPU
		{55992ECA-AF13-4634-B8D6-1214D85E527D}.Debug|Any CPU.Build.0 = Debug|Any CPU
		{55992ECA-AF13-4634-B8D6-1214D85E527D}.Release|Any CPU.ActiveCfg = Release|Any CPU
		{55992ECA-AF13-4634-B8D6-1214D85E527D}.Release|Any CPU.Build.0 = Release|Any CPU
		{FD5A3784-9C94-4E8D-A745-CFBE69EE43F5}.Debug|Any CPU.ActiveCfg = Debug|Any CPU
		{FD5A3784-9C94-4E8D-A745-CFBE69EE43F5}.Debug|Any CPU.Build.0 = Debug|Any CPU
		{FD5A3784-9C94-4E8D-A745-CFBE69EE43F5}.Release|Any CPU.ActiveCfg = Release|Any CPU
		{FD5A3784-9C94-4E8D-A745-CFBE69EE43F5}.Release|Any CPU.Build.0 = Release|Any CPU
	EndGlobalSection
	GlobalSection(SolutionProperties) = preSolution
		HideSolutionNode = FALSE
	EndGlobalSection
	GlobalSection(ExtensibilityGlobals) = postSolution
		SolutionGuid = {923E72E3-8D73-4E95-B090-78B51D0E2F6C}
	EndGlobalSection
EndGlobal
